
Microsoft Visual Studio Solution File, Format Version 12.00
# Visual Studio 15
VisualStudioVersion = 15.0.28307.421
MinimumVisualStudioVersion = 10.0.40219.1
Project("{FAE04EC0-301F-11D3-BF4B-00C04F79EFBC}") = "gp1", "gp1\gp1.csproj", "{C909C575-797D-4D04-9393-8321F23C15DF}"
EndProject
Global
	GlobalSection(SolutionConfigurationPlatforms) = preSolution
		Debug|Any CPU = Debug|Any CPU
		Release|Any CPU = Release|Any CPU
	EndGlobalSection
	GlobalSection(ProjectConfigurationPlatforms) = postSolution
		{C909C575-797D-4D04-9393-8321F23C15DF}.Debug|Any CPU.ActiveCfg = Debug|Any CPU
		{C909C575-797D-4D04-9393-8321F23C15DF}.Debug|Any CPU.Build.0 = Debug|Any CPU
		{C909C575-797D-4D04-9393-8321F23C15DF}.Release|Any CPU.ActiveCfg = Release|Any CPU
		{C909C575-797D-4D04-9393-8321F23C15DF}.Release|Any CPU.Build.0 = Release|Any CPU
	EndGlobalSection
	GlobalSection(SolutionProperties) = preSolution
		HideSolutionNode = FALSE
	EndGlobalSection
	GlobalSection(ExtensibilityGlobals) = postSolution
		SolutionGuid = {11AB1554-D55F-491A-AAD1-BD9CFD981274}
	EndGlobalSection
EndGlobal
